{
  "name": "NestFinder",
  "lockfileVersion": 3,
  "requires": true,
  "packages": {
    "": {
      "dependencies": {
        "@kolkov/ngx-gallery": "^2.0.1",
        "file-saver": "^2.0.5",
        "ngx-lightbox": "^3.0.0",
        "photoswipe": "^5.4.4"
      },
      "devDependencies": {
        "@types/file-saver": "^2.0.7"
      }
    },
    "node_modules/@kolkov/ngx-gallery": {
      "version": "2.0.1",
      "resolved": "https://registry.npmjs.org/@kolkov/ngx-gallery/-/ngx-gallery-2.0.1.tgz",
      "integrity": "sha512-mTigRy9Ha7bqCF/+GNKeW2Oe8ZILuM5GGMw+ZbvTQWq3X5hngeFFgv8GFG49Py3biX67kb0NhqCP+msLe4wbXQ==",
      "license": "MIT",
      "dependencies": {
        "tslib": "^2.3.0"
      },
      "peerDependencies": {
        "@angular/animations": ">=13.0.0 <14",
        "@angular/common": ">=13.0.0 <14",
        "@angular/core": ">=13.0.0 <14"
      }
    },
    "node_modules/@types/file-saver": {
      "version": "2.0.7",
      "resolved": "https://registry.npmjs.org/@types/file-saver/-/file-saver-2.0.7.tgz",
      "integrity": "sha512-dNKVfHd/jk0SkR/exKGj2ggkB45MAkzvWCaqLUUgkyjITkGNzH8H+yUwr+BLJUBjZOe9w8X3wgmXhZDRg1ED6A==",
      "dev": true,
      "license": "MIT"
    },
    "node_modules/file-saver": {
      "version": "2.0.5",
      "resolved": "https://registry.npmjs.org/file-saver/-/file-saver-2.0.5.tgz",
      "integrity": "sha512-P9bmyZ3h/PRG+Nzga+rbdI4OEpNDzAVyy74uVO9ATgzLK6VtAsYybF/+TOCvrc0MO793d6+42lLyZTw7/ArVzA==",
      "license": "MIT"
    },
    "node_modules/ngx-filesaver": {
      "version": "14.0.0",
      "resolved": "https://registry.npmjs.org/ngx-filesaver/-/ngx-filesaver-14.0.0.tgz",
      "integrity": "sha512-YnSbruOprSpcXZiuhnJ+AannRnSqRWiL0HIlDdwPd48DZYpuU0BTvSNmFj5oFbwLA0RFoOv2EkgedW4k2DEpYA==",
      "license": "MIT",
      "dependencies": {
        "tslib": "^2.3.0"
      },
      "peerDependencies": {
        "@types/file-saver": "^2.0.0",
        "file-saver": "^2.0.0"
      }
    },
    "node_modules/ngx-lightbox": {
      "version": "3.0.0",
      "resolved": "https://registry.npmjs.org/ngx-lightbox/-/ngx-lightbox-3.0.0.tgz",
      "integrity": "sha512-gKLy0R3SbbzHkDnAINtT3HFC71XVd86+dkP3LBeKrvjngxB6wMABfY73fF5IGsu9HfKQUN2Ni2Nx6s12xNwXow==",
      "license": "MIT",
      "dependencies": {
        "file-saver": "^2.0.5",
        "ngx-filesaver": "14.0.0"
      }
    },
    "node_modules/photoswipe": {
      "version": "5.4.4",
      "resolved": "https://registry.npmjs.org/photoswipe/-/photoswipe-5.4.4.tgz",
      "integrity": "sha512-WNFHoKrkZNnvFFhbHL93WDkW3ifwVOXSW3w1UuZZelSmgXpIGiZSNlZJq37rR8YejqME2rHs9EhH9ZvlvFH2NA==",
      "license": "MIT",
      "engines": {
        "node": ">= 0.12.0"
      }
    },
    "node_modules/tslib": {
      "version": "2.7.0",
      "resolved": "https://registry.npmjs.org/tslib/-/tslib-2.7.0.tgz",
      "integrity": "sha512-gLXCKdN1/j47AiHiOkJN69hJmcbGTHI0ImLmbYLHykhgeN0jVGola9yVjFgzCUklsZQMW55o+dW7IXv3RCXDzA==",
      "license": "0BSD"
    }
  }
}
