
Microsoft Visual Studio Solution File, Format Version 12.00
# Visual Studio Version 17
VisualStudioVersion = 17.8.34525.116
MinimumVisualStudioVersion = 10.0.40219.1
Project("{FAE04EC0-301F-11D3-BF4B-00C04F79EFBC}") = "WebAPI", "WebAPI.csproj", "{83E144CE-79D7-4C3D-B2BB-B3B93FD793A1}"
EndProject
Global
	GlobalSection(SolutionConfigurationPlatforms) = preSolution
		Debug|Any CPU = Debug|Any CPU
		Release|Any CPU = Release|Any CPU
	EndGlobalSection
	GlobalSection(ProjectConfigurationPlatforms) = postSolution
		{83E144CE-79D7-4C3D-B2BB-B3B93FD793A1}.Debug|Any CPU.ActiveCfg = Debug|Any CPU
		{83E144CE-79D7-4C3D-B2BB-B3B93FD793A1}.Debug|Any CPU.Build.0 = Debug|Any CPU
		{83E144CE-79D7-4C3D-B2BB-B3B93FD793A1}.Release|Any CPU.ActiveCfg = Release|Any CPU
		{83E144CE-79D7-4C3D-B2BB-B3B93FD793A1}.Release|Any CPU.Build.0 = Release|Any CPU
	EndGlobalSection
	GlobalSection(SolutionProperties) = preSolution
		HideSolutionNode = FALSE
	EndGlobalSection
	GlobalSection(ExtensibilityGlobals) = postSolution
		SolutionGuid = {622E7C85-3502-482D-95E2-B3745A025AEE}
	EndGlobalSection
EndGlobal
